
Microsoft Visual Studio Solution File, Format Version 12.00
# Visual Studio Version 16
VisualStudioVersion = 16.0.30204.135
MinimumVisualStudioVersion = 10.0.40219.1
Project("{9A19103F-16F7-4668-BE54-9A1E7A4F7556}") = "CRUD.PWA", "CRUD.PWA.csproj", "{21876ABF-B6E6-4A10-AFE7-202F10DB49D4}"
EndProject
Global
	GlobalSection(SolutionConfigurationPlatforms) = preSolution
		Debug|Any CPU = Debug|Any CPU
		Release|Any CPU = Release|Any CPU
	EndGlobalSection
	GlobalSection(ProjectConfigurationPlatforms) = postSolution
		{21876ABF-B6E6-4A10-AFE7-202F10DB49D4}.Debug|Any CPU.ActiveCfg = Debug|Any CPU
		{21876ABF-B6E6-4A10-AFE7-202F10DB49D4}.Debug|Any CPU.Build.0 = Debug|Any CPU
		{21876ABF-B6E6-4A10-AFE7-202F10DB49D4}.Release|Any CPU.ActiveCfg = Release|Any CPU
		{21876ABF-B6E6-4A10-AFE7-202F10DB49D4}.Release|Any CPU.Build.0 = Release|Any CPU
	EndGlobalSection
	GlobalSection(SolutionProperties) = preSolution
		HideSolutionNode = FALSE
	EndGlobalSection
	GlobalSection(ExtensibilityGlobals) = postSolution
		SolutionGuid = {B759DA55-B184-4270-91CF-3BE33D0CEACE}
	EndGlobalSection
EndGlobal
